# This file was autogenerated by Stack.
# You should not edit this file by hand.
# For more information, please see the documentation at:
#   https://docs.haskellstack.org/en/stable/lock_files

packages:
- completed:
    hackage: array-0.5.4.0@sha256:4ab91ef6388db19e62fea4ed7bf3bb39bae5c3e3d2ac73a7feb278d05c35db78,1660
    pantry-tree:
      sha256: 25fb3fcc19c38f11e8d94ce9f6305bba0227c78915458d684ff471321f63294a
      size: 1135
  original:
    hackage: array-0.5.4.0
snapshots:
- completed:
    sha256: 350737ef1c4c748f4c7ff56b6e74f2f6d15039a2f148662a8ec1aded016b80d0
    size: 640033
    url: https://raw.githubusercontent.com/commercialhaskell/stackage-snapshots/master/lts/21/15.yaml
  original:
    url: https://raw.githubusercontent.com/commercialhaskell/stackage-snapshots/master/lts/21/15.yaml
